
Microsoft Visual Studio Solution File, Format Version 12.00
# Visual Studio Version 16
VisualStudioVersion = 16.0.30621.155
MinimumVisualStudioVersion = 10.0.40219.1
Project("{FAE04EC0-301F-11D3-BF4B-00C04F79EFBC}") = "pis-ninaa", "pis-ninaa\pis-ninaa.csproj", "{A5D3BE6B-AFFD-481E-BBF9-FB5290642ED6}"
EndProject
Global
	GlobalSection(SolutionConfigurationPlatforms) = preSolution
		Debug|Any CPU = Debug|Any CPU
		Release|Any CPU = Release|Any CPU
	EndGlobalSection
	GlobalSection(ProjectConfigurationPlatforms) = postSolution
		{A5D3BE6B-AFFD-481E-BBF9-FB5290642ED6}.Debug|Any CPU.ActiveCfg = Debug|Any CPU
		{A5D3BE6B-AFFD-481E-BBF9-FB5290642ED6}.Debug|Any CPU.Build.0 = Debug|Any CPU
		{A5D3BE6B-AFFD-481E-BBF9-FB5290642ED6}.Release|Any CPU.ActiveCfg = Release|Any CPU
		{A5D3BE6B-AFFD-481E-BBF9-FB5290642ED6}.Release|Any CPU.Build.0 = Release|Any CPU
	EndGlobalSection
	GlobalSection(SolutionProperties) = preSolution
		HideSolutionNode = FALSE
	EndGlobalSection
	GlobalSection(ExtensibilityGlobals) = postSolution
		SolutionGuid = {2BF28402-2DF7-420F-A686-2120F606987F}
	EndGlobalSection
EndGlobal
